
Microsoft Visual Studio Solution File, Format Version 12.00
# Visual Studio Version 17
VisualStudioVersion = 17.14.36221.1
MinimumVisualStudioVersion = 10.0.40219.1
Project("{FAE04EC0-301F-11D3-BF4B-00C04F79EFBC}") = "AutoInsurance", "AutoInsurance.csproj", "{191DA1DD-9D3E-47C8-B633-CE433304B993}"
EndProject
Global
	GlobalSection(SolutionConfigurationPlatforms) = preSolution
		Debug|Any CPU = Debug|Any CPU
		Release|Any CPU = Release|Any CPU
	EndGlobalSection
	GlobalSection(ProjectConfigurationPlatforms) = postSolution
		{191DA1DD-9D3E-47C8-B633-CE433304B993}.Debug|Any CPU.ActiveCfg = Debug|Any CPU
		{191DA1DD-9D3E-47C8-B633-CE433304B993}.Debug|Any CPU.Build.0 = Debug|Any CPU
		{191DA1DD-9D3E-47C8-B633-CE433304B993}.Release|Any CPU.ActiveCfg = Release|Any CPU
		{191DA1DD-9D3E-47C8-B633-CE433304B993}.Release|Any CPU.Build.0 = Release|Any CPU
	EndGlobalSection
	GlobalSection(SolutionProperties) = preSolution
		HideSolutionNode = FALSE
	EndGlobalSection
	GlobalSection(ExtensibilityGlobals) = postSolution
		SolutionGuid = {79F6F26C-5E00-4E6D-9651-048762C88216}
	EndGlobalSection
EndGlobal
